
Microsoft Visual Studio Solution File, Format Version 12.00
# Visual Studio Version 17
VisualStudioVersion = 17.14.36301.6 d17.14
MinimumVisualStudioVersion = 10.0.40219.1
Project("{FAE04EC0-301F-11D3-BF4B-00C04F79EFBC}") = "Test_Push_Pull", "Test_Push_Pull.csproj", "{DB44FA1D-F13A-4B58-A95F-0FDDBAD38E42}"
EndProject
Global
	GlobalSection(SolutionConfigurationPlatforms) = preSolution
		Debug|Any CPU = Debug|Any CPU
		Release|Any CPU = Release|Any CPU
	EndGlobalSection
	GlobalSection(ProjectConfigurationPlatforms) = postSolution
		{DB44FA1D-F13A-4B58-A95F-0FDDBAD38E42}.Debug|Any CPU.ActiveCfg = Debug|Any CPU
		{DB44FA1D-F13A-4B58-A95F-0FDDBAD38E42}.Debug|Any CPU.Build.0 = Debug|Any CPU
		{DB44FA1D-F13A-4B58-A95F-0FDDBAD38E42}.Release|Any CPU.ActiveCfg = Release|Any CPU
		{DB44FA1D-F13A-4B58-A95F-0FDDBAD38E42}.Release|Any CPU.Build.0 = Release|Any CPU
	EndGlobalSection
	GlobalSection(SolutionProperties) = preSolution
		HideSolutionNode = FALSE
	EndGlobalSection
	GlobalSection(ExtensibilityGlobals) = postSolution
		SolutionGuid = {659AF7C2-B7BD-4349-8B23-B695EBC324E8}
	EndGlobalSection
EndGlobal
