
Microsoft Visual Studio Solution File, Format Version 12.00
# Visual Studio Version 17
VisualStudioVersion = 17.13.35931.197 d17.13
MinimumVisualStudioVersion = 10.0.40219.1
Project("{FAE04EC0-301F-11D3-BF4B-00C04F79EFBC}") = "midtest", "midtest\midtest.csproj", "{1CD151BE-7E64-4688-BFCF-D17E0D4B7A71}"
EndProject
Global
	GlobalSection(SolutionConfigurationPlatforms) = preSolution
		Debug|Any CPU = Debug|Any CPU
		Release|Any CPU = Release|Any CPU
	EndGlobalSection
	GlobalSection(ProjectConfigurationPlatforms) = postSolution
		{1CD151BE-7E64-4688-BFCF-D17E0D4B7A71}.Debug|Any CPU.ActiveCfg = Debug|Any CPU
		{1CD151BE-7E64-4688-BFCF-D17E0D4B7A71}.Debug|Any CPU.Build.0 = Debug|Any CPU
		{1CD151BE-7E64-4688-BFCF-D17E0D4B7A71}.Release|Any CPU.ActiveCfg = Release|Any CPU
		{1CD151BE-7E64-4688-BFCF-D17E0D4B7A71}.Release|Any CPU.Build.0 = Release|Any CPU
	EndGlobalSection
	GlobalSection(SolutionProperties) = preSolution
		HideSolutionNode = FALSE
	EndGlobalSection
	GlobalSection(ExtensibilityGlobals) = postSolution
		SolutionGuid = {95B75DDD-685C-4482-8270-F80F2C09AFB5}
	EndGlobalSection
EndGlobal
